
Microsoft Visual Studio Solution File, Format Version 12.00
# Visual Studio 14
VisualStudioVersion = 14.0.25420.1
MinimumVisualStudioVersion = 10.0.40219.1
Project("{2150E333-8FDC-42A3-9474-1A3956D46DE8}") = "src", "src", "{71370A98-6061-43F8-996D-E1D67B8E522E}"
EndProject
Project("{2150E333-8FDC-42A3-9474-1A3956D46DE8}") = "Solution Items", "Solution Items", "{FBEF23E6-99DF-4865-93AF-1F8DA991D32F}"
	ProjectSection(SolutionItems) = preProject
		global.json = global.json
	EndProjectSection
EndProject
Project("{8BB2217D-0F2D-49D1-97BC-3654ED321F3B}") = "DocX", "src\DocX\DocX.xproj", "{AA5D4778-4829-4EED-8957-19EE51E2DE5E}"
EndProject
Project("{8BB2217D-0F2D-49D1-97BC-3654ED321F3B}") = "ConsoleApp1", "src\ConsoleApp1\ConsoleApp1.xproj", "{0D48678C-6038-4AF2-9EB8-936FF18CFFED}"
EndProject
Global
	GlobalSection(SolutionConfigurationPlatforms) = preSolution
		Debug|Any CPU = Debug|Any CPU
		Release|Any CPU = Release|Any CPU
	EndGlobalSection
	GlobalSection(ProjectConfigurationPlatforms) = postSolution
		{AA5D4778-4829-4EED-8957-19EE51E2DE5E}.Debug|Any CPU.ActiveCfg = Debug|Any CPU
		{AA5D4778-4829-4EED-8957-19EE51E2DE5E}.Debug|Any CPU.Build.0 = Debug|Any CPU
		{AA5D4778-4829-4EED-8957-19EE51E2DE5E}.Release|Any CPU.ActiveCfg = Release|Any CPU
		{AA5D4778-4829-4EED-8957-19EE51E2DE5E}.Release|Any CPU.Build.0 = Release|Any CPU
		{0D48678C-6038-4AF2-9EB8-936FF18CFFED}.Debug|Any CPU.ActiveCfg = Debug|Any CPU
		{0D48678C-6038-4AF2-9EB8-936FF18CFFED}.Debug|Any CPU.Build.0 = Debug|Any CPU
		{0D48678C-6038-4AF2-9EB8-936FF18CFFED}.Release|Any CPU.ActiveCfg = Release|Any CPU
		{0D48678C-6038-4AF2-9EB8-936FF18CFFED}.Release|Any CPU.Build.0 = Release|Any CPU
	EndGlobalSection
	GlobalSection(SolutionProperties) = preSolution
		HideSolutionNode = FALSE
	EndGlobalSection
	GlobalSection(NestedProjects) = preSolution
		{AA5D4778-4829-4EED-8957-19EE51E2DE5E} = {71370A98-6061-43F8-996D-E1D67B8E522E}
		{0D48678C-6038-4AF2-9EB8-936FF18CFFED} = {71370A98-6061-43F8-996D-E1D67B8E522E}
	EndGlobalSection
EndGlobal
